
Microsoft Visual Studio Solution File, Format Version 12.00
# Visual Studio 2013
VisualStudioVersion = 12.0.21005.1
MinimumVisualStudioVersion = 10.0.40219.1
Project("{FAE04EC0-301F-11D3-BF4B-00C04F79EFBC}") = "MvcSimpleBlogApp", "MvcSimpleBlogApp\MvcSimpleBlogApp.csproj", "{ED7A8215-2DDB-453F-9723-545D5B045449}"
EndProject
Project("{FAE04EC0-301F-11D3-BF4B-00C04F79EFBC}") = "BlogAppModel", "BlogAppModel\BlogAppModel.csproj", "{E3DD0BA5-6E05-4DF0-A595-19E13A8E5CDE}"
EndProject
Global
	GlobalSection(SolutionConfigurationPlatforms) = preSolution
		Debug|Any CPU = Debug|Any CPU
		Release|Any CPU = Release|Any CPU
	EndGlobalSection
	GlobalSection(ProjectConfigurationPlatforms) = postSolution
		{ED7A8215-2DDB-453F-9723-545D5B045449}.Debug|Any CPU.ActiveCfg = Debug|Any CPU
		{ED7A8215-2DDB-453F-9723-545D5B045449}.Debug|Any CPU.Build.0 = Debug|Any CPU
		{ED7A8215-2DDB-453F-9723-545D5B045449}.Release|Any CPU.ActiveCfg = Release|Any CPU
		{ED7A8215-2DDB-453F-9723-545D5B045449}.Release|Any CPU.Build.0 = Release|Any CPU
		{E3DD0BA5-6E05-4DF0-A595-19E13A8E5CDE}.Debug|Any CPU.ActiveCfg = Debug|Any CPU
		{E3DD0BA5-6E05-4DF0-A595-19E13A8E5CDE}.Debug|Any CPU.Build.0 = Debug|Any CPU
		{E3DD0BA5-6E05-4DF0-A595-19E13A8E5CDE}.Release|Any CPU.ActiveCfg = Release|Any CPU
		{E3DD0BA5-6E05-4DF0-A595-19E13A8E5CDE}.Release|Any CPU.Build.0 = Release|Any CPU
	EndGlobalSection
	GlobalSection(SolutionProperties) = preSolution
		HideSolutionNode = FALSE
	EndGlobalSection
EndGlobal
